
Microsoft Visual Studio Solution File, Format Version 12.00
# Visual Studio Version 17
VisualStudioVersion = 17.2.32616.157
MinimumVisualStudioVersion = 10.0.40219.1
Project("{FAE04EC0-301F-11D3-BF4B-00C04F79EFBC}") = "WPFSkiaRayProjectionDemo", "WPFSkiaRayProjectionDemo\WPFSkiaRayProjectionDemo.csproj", "{4860D86B-FAC3-4E1C-B0F7-0BEAB8AFA3DE}"
EndProject
Global
	GlobalSection(SolutionConfigurationPlatforms) = preSolution
		Debug|Any CPU = Debug|Any CPU
		Release|Any CPU = Release|Any CPU
	EndGlobalSection
	GlobalSection(ProjectConfigurationPlatforms) = postSolution
		{4860D86B-FAC3-4E1C-B0F7-0BEAB8AFA3DE}.Debug|Any CPU.ActiveCfg = Debug|Any CPU
		{4860D86B-FAC3-4E1C-B0F7-0BEAB8AFA3DE}.Debug|Any CPU.Build.0 = Debug|Any CPU
		{4860D86B-FAC3-4E1C-B0F7-0BEAB8AFA3DE}.Release|Any CPU.ActiveCfg = Release|Any CPU
		{4860D86B-FAC3-4E1C-B0F7-0BEAB8AFA3DE}.Release|Any CPU.Build.0 = Release|Any CPU
	EndGlobalSection
	GlobalSection(SolutionProperties) = preSolution
		HideSolutionNode = FALSE
	EndGlobalSection
	GlobalSection(ExtensibilityGlobals) = postSolution
		SolutionGuid = {77251483-44C3-4228-BBEB-89DF34A22026}
	EndGlobalSection
EndGlobal
